
Microsoft Visual Studio Solution File, Format Version 12.00
# Visual Studio Version 17
VisualStudioVersion = 17.2.32602.215
MinimumVisualStudioVersion = 10.0.40219.1
Project("{9A19103F-16F7-4668-BE54-9A1E7A4F7556}") = "Statements.WebApi", "StatementsWebApp\Statements.WebApi.csproj", "{AA27AEE7-8486-4B8B-AF5A-06871B9A2EF1}"
EndProject
Project("{9A19103F-16F7-4668-BE54-9A1E7A4F7556}") = "Statements.Data", "Statements.Data\Statements.Data.csproj", "{7CFDB65B-E95F-4C3B-B2CF-C3519FDF94FF}"
EndProject
Project("{9A19103F-16F7-4668-BE54-9A1E7A4F7556}") = "Statements.Contracts", "Statements.Contracts\Statements.Contracts.csproj", "{1F2BD894-ABAA-4E1F-8ADF-A2B4FC579E6F}"
EndProject
Project("{9A19103F-16F7-4668-BE54-9A1E7A4F7556}") = "Statements.Repository", "Statements.Repository\Statements.Repository.csproj", "{2154AA10-5506-41F5-8238-2D0FB79993F6}"
EndProject
Project("{9A19103F-16F7-4668-BE54-9A1E7A4F7556}") = "Statements.Service", "Statements.Service\Statements.Service.csproj", "{C1B01B16-E773-42D7-9454-C1CA8D910A46}"
EndProject
Global
	GlobalSection(SolutionConfigurationPlatforms) = preSolution
		Debug|Any CPU = Debug|Any CPU
		Release|Any CPU = Release|Any CPU
	EndGlobalSection
	GlobalSection(ProjectConfigurationPlatforms) = postSolution
		{AA27AEE7-8486-4B8B-AF5A-06871B9A2EF1}.Debug|Any CPU.ActiveCfg = Debug|Any CPU
		{AA27AEE7-8486-4B8B-AF5A-06871B9A2EF1}.Debug|Any CPU.Build.0 = Debug|Any CPU
		{AA27AEE7-8486-4B8B-AF5A-06871B9A2EF1}.Release|Any CPU.ActiveCfg = Release|Any CPU
		{AA27AEE7-8486-4B8B-AF5A-06871B9A2EF1}.Release|Any CPU.Build.0 = Release|Any CPU
		{7CFDB65B-E95F-4C3B-B2CF-C3519FDF94FF}.Debug|Any CPU.ActiveCfg = Debug|Any CPU
		{7CFDB65B-E95F-4C3B-B2CF-C3519FDF94FF}.Debug|Any CPU.Build.0 = Debug|Any CPU
		{7CFDB65B-E95F-4C3B-B2CF-C3519FDF94FF}.Release|Any CPU.ActiveCfg = Release|Any CPU
		{7CFDB65B-E95F-4C3B-B2CF-C3519FDF94FF}.Release|Any CPU.Build.0 = Release|Any CPU
		{1F2BD894-ABAA-4E1F-8ADF-A2B4FC579E6F}.Debug|Any CPU.ActiveCfg = Debug|Any CPU
		{1F2BD894-ABAA-4E1F-8ADF-A2B4FC579E6F}.Debug|Any CPU.Build.0 = Debug|Any CPU
		{1F2BD894-ABAA-4E1F-8ADF-A2B4FC579E6F}.Release|Any CPU.ActiveCfg = Release|Any CPU
		{1F2BD894-ABAA-4E1F-8ADF-A2B4FC579E6F}.Release|Any CPU.Build.0 = Release|Any CPU
		{2154AA10-5506-41F5-8238-2D0FB79993F6}.Debug|Any CPU.ActiveCfg = Debug|Any CPU
		{2154AA10-5506-41F5-8238-2D0FB79993F6}.Debug|Any CPU.Build.0 = Debug|Any CPU
		{2154AA10-5506-41F5-8238-2D0FB79993F6}.Release|Any CPU.ActiveCfg = Release|Any CPU
		{2154AA10-5506-41F5-8238-2D0FB79993F6}.Release|Any CPU.Build.0 = Release|Any CPU
		{C1B01B16-E773-42D7-9454-C1CA8D910A46}.Debug|Any CPU.ActiveCfg = Debug|Any CPU
		{C1B01B16-E773-42D7-9454-C1CA8D910A46}.Debug|Any CPU.Build.0 = Debug|Any CPU
		{C1B01B16-E773-42D7-9454-C1CA8D910A46}.Release|Any CPU.ActiveCfg = Release|Any CPU
		{C1B01B16-E773-42D7-9454-C1CA8D910A46}.Release|Any CPU.Build.0 = Release|Any CPU
	EndGlobalSection
	GlobalSection(SolutionProperties) = preSolution
		HideSolutionNode = FALSE
	EndGlobalSection
	GlobalSection(ExtensibilityGlobals) = postSolution
		SolutionGuid = {2BEA86FD-5224-472A-8570-BB151B85B482}
	EndGlobalSection
EndGlobal
